// !$*UTF8*$!
{
	archiveVersion = 1;
	classes = {
	};
	objectVersion = 46;
	objects = {

/* Begin PBXBuildFile section */
		62492D0A13831AAF0007D729 /* InfoPlist.strings in Resources */ = {isa = PBXBuildFile; fileRef = 62492D0813831AAF0007D729 /* InfoPlist.strings */; };
		62492D2A13831AD10007D729 /* Foundation.framework in Frameworks */ = {isa = PBXBuildFile; fileRef = 62492D2913831AD10007D729 /* Foundation.framework */; };
		62492D3B13831FBD0007D729 /* VPLHTTPClient.h in Headers */ = {isa = PBXBuildFile; fileRef = 62492D2C13831FBD0007D729 /* VPLHTTPClient.h */; settings = {ATTRIBUTES = (Public, ); }; };
		62492D3C13831FBD0007D729 /* VPLHTTPClient.m in Sources */ = {isa = PBXBuildFile; fileRef = 62492D2D13831FBD0007D729 /* VPLHTTPClient.m */; };
		62492D3D13831FBD0007D729 /* VPLHTTPExplodingRequestHandler.h in Headers */ = {isa = PBXBuildFile; fileRef = 62492D2E13831FBD0007D729 /* VPLHTTPExplodingRequestHandler.h */; settings = {ATTRIBUTES = (Public, ); }; };
		62492D3E13831FBD0007D729 /* VPLHTTPExplodingRequestHandler.m in Sources */ = {isa = PBXBuildFile; fileRef = 62492D2F13831FBD0007D729 /* VPLHTTPExplodingRequestHandler.m */; };
		62492D3F13831FBD0007D729 /* VPLHTTPGenericRequestHandler.h in Headers */ = {isa = PBXBuildFile; fileRef = 62492D3013831FBD0007D729 /* VPLHTTPGenericRequestHandler.h */; settings = {ATTRIBUTES = (Public, ); }; };
		62492D4013831FBD0007D729 /* VPLHTTPGenericRequestHandler.m in Sources */ = {isa = PBXBuildFile; fileRef = 62492D3113831FBD0007D729 /* VPLHTTPGenericRequestHandler.m */; };
		62492D4313831FBD0007D729 /* VPLHTTPRequest.h in Headers */ = {isa = PBXBuildFile; fileRef = 62492D3413831FBD0007D729 /* VPLHTTPRequest.h */; settings = {ATTRIBUTES = (Public, ); }; };
		62492D4513831FBD0007D729 /* VPLHTTPRequestHandler.h in Headers */ = {isa = PBXBuildFile; fileRef = 62492D3613831FBD0007D729 /* VPLHTTPRequestHandler.h */; settings = {ATTRIBUTES = (Public, ); }; };
		62492D4813831FBD0007D729 /* VPLHTTPResponse.h in Headers */ = {isa = PBXBuildFile; fileRef = 62492D3913831FBD0007D729 /* VPLHTTPResponse.h */; settings = {ATTRIBUTES = (Public, ); }; };
		62A29F10138B2B7C00598C6A /* VPLHTTPGenericRequest.h in Headers */ = {isa = PBXBuildFile; fileRef = 62A29F0E138B2B7C00598C6A /* VPLHTTPGenericRequest.h */; };
		62A29F11138B2B7C00598C6A /* VPLHTTPGenericRequest.m in Sources */ = {isa = PBXBuildFile; fileRef = 62A29F0F138B2B7C00598C6A /* VPLHTTPGenericRequest.m */; };
		62A29F15138B2B8F00598C6A /* VPLHTTPGenericResponse.h in Headers */ = {isa = PBXBuildFile; fileRef = 62A29F13138B2B8F00598C6A /* VPLHTTPGenericResponse.h */; };
		62A29F16138B2B8F00598C6A /* VPLHTTPGenericResponse.m in Sources */ = {isa = PBXBuildFile; fileRef = 62A29F14138B2B8F00598C6A /* VPLHTTPGenericResponse.m */; };
/* End PBXBuildFile section */

/* Begin PBXFileReference section */
		62492CFC13831AAF0007D729 /* VPLHTTPClient.framework */ = {isa = PBXFileReference; explicitFileType = wrapper.framework; includeInIndex = 0; path = VPLHTTPClient.framework; sourceTree = BUILT_PRODUCTS_DIR; };
		62492D0213831AAF0007D729 /* AppKit.framework */ = {isa = PBXFileReference; lastKnownFileType = wrapper.framework; name = AppKit.framework; path = System/Library/Frameworks/AppKit.framework; sourceTree = SDKROOT; };
		62492D0313831AAF0007D729 /* CoreData.framework */ = {isa = PBXFileReference; lastKnownFileType = wrapper.framework; name = CoreData.framework; path = System/Library/Frameworks/CoreData.framework; sourceTree = SDKROOT; };
		62492D0413831AAF0007D729 /* Foundation.framework */ = {isa = PBXFileReference; lastKnownFileType = wrapper.framework; name = Foundation.framework; path = System/Library/Frameworks/Foundation.framework; sourceTree = SDKROOT; };
		62492D0713831AAF0007D729 /* VPLHTTPClient-Info.plist */ = {isa = PBXFileReference; lastKnownFileType = text.plist.xml; path = "VPLHTTPClient-Info.plist"; sourceTree = "<group>"; };
		62492D0913831AAF0007D729 /* en */ = {isa = PBXFileReference; lastKnownFileType = text.plist.strings; name = en; path = en.lproj/InfoPlist.strings; sourceTree = "<group>"; };
		62492D0B13831AAF0007D729 /* VPLHTTPClient-Prefix.pch */ = {isa = PBXFileReference; lastKnownFileType = sourcecode.c.h; path = "VPLHTTPClient-Prefix.pch"; sourceTree = "<group>"; };
		62492D2913831AD10007D729 /* Foundation.framework */ = {isa = PBXFileReference; lastKnownFileType = wrapper.framework; name = Foundation.framework; path = System/Library/Frameworks/Foundation.framework; sourceTree = SDKROOT; };
		62492D2C13831FBD0007D729 /* VPLHTTPClient.h */ = {isa = PBXFileReference; fileEncoding = 4; lastKnownFileType = sourcecode.c.h; path = VPLHTTPClient.h; sourceTree = "<group>"; };
		62492D2D13831FBD0007D729 /* VPLHTTPClient.m */ = {isa = PBXFileReference; fileEncoding = 4; lastKnownFileType = sourcecode.c.objc; path = VPLHTTPClient.m; sourceTree = "<group>"; };
		62492D2E13831FBD0007D729 /* VPLHTTPExplodingRequestHandler.h */ = {isa = PBXFileReference; fileEncoding = 4; lastKnownFileType = sourcecode.c.h; path = VPLHTTPExplodingRequestHandler.h; sourceTree = "<group>"; };
		62492D2F13831FBD0007D729 /* VPLHTTPExplodingRequestHandler.m */ = {isa = PBXFileReference; fileEncoding = 4; lastKnownFileType = sourcecode.c.objc; path = VPLHTTPExplodingRequestHandler.m; sourceTree = "<group>"; };
		62492D3013831FBD0007D729 /* VPLHTTPGenericRequestHandler.h */ = {isa = PBXFileReference; fileEncoding = 4; lastKnownFileType = sourcecode.c.h; path = VPLHTTPGenericRequestHandler.h; sourceTree = "<group>"; };
		62492D3113831FBD0007D729 /* VPLHTTPGenericRequestHandler.m */ = {isa = PBXFileReference; fileEncoding = 4; lastKnownFileType = sourcecode.c.objc; path = VPLHTTPGenericRequestHandler.m; sourceTree = "<group>"; };
		62492D3413831FBD0007D729 /* VPLHTTPRequest.h */ = {isa = PBXFileReference; fileEncoding = 4; lastKnownFileType = sourcecode.c.h; path = VPLHTTPRequest.h; sourceTree = "<group>"; };
		62492D3613831FBD0007D729 /* VPLHTTPRequestHandler.h */ = {isa = PBXFileReference; fileEncoding = 4; lastKnownFileType = sourcecode.c.h; path = VPLHTTPRequestHandler.h; sourceTree = "<group>"; };
		62492D3913831FBD0007D729 /* VPLHTTPResponse.h */ = {isa = PBXFileReference; fileEncoding = 4; lastKnownFileType = sourcecode.c.h; path = VPLHTTPResponse.h; sourceTree = "<group>"; };
		62A29F0E138B2B7C00598C6A /* VPLHTTPGenericRequest.h */ = {isa = PBXFileReference; fileEncoding = 4; lastKnownFileType = sourcecode.c.h; path = VPLHTTPGenericRequest.h; sourceTree = "<group>"; };
		62A29F0F138B2B7C00598C6A /* VPLHTTPGenericRequest.m */ = {isa = PBXFileReference; fileEncoding = 4; lastKnownFileType = sourcecode.c.objc; path = VPLHTTPGenericRequest.m; sourceTree = "<group>"; };
		62A29F13138B2B8F00598C6A /* VPLHTTPGenericResponse.h */ = {isa = PBXFileReference; fileEncoding = 4; lastKnownFileType = sourcecode.c.h; path = VPLHTTPGenericResponse.h; sourceTree = "<group>"; };
		62A29F14138B2B8F00598C6A /* VPLHTTPGenericResponse.m */ = {isa = PBXFileReference; fileEncoding = 4; lastKnownFileType = sourcecode.c.objc; path = VPLHTTPGenericResponse.m; sourceTree = "<group>"; };
/* End PBXFileReference section */

/* Begin PBXFrameworksBuildPhase section */
		62492CF813831AAF0007D729 /* Frameworks */ = {
			isa = PBXFrameworksBuildPhase;
			buildActionMask = 2147483647;
			files = (
				62492D2A13831AD10007D729 /* Foundation.framework in Frameworks */,
			);
			runOnlyForDeploymentPostprocessing = 0;
		};
/* End PBXFrameworksBuildPhase section */

/* Begin PBXGroup section */
		62492CF013831AAF0007D729 = {
			isa = PBXGroup;
			children = (
				62492D0513831AAF0007D729 /* VPLHTTPClient */,
				62492CFE13831AAF0007D729 /* Frameworks */,
				62492CFD13831AAF0007D729 /* Products */,
			);
			sourceTree = "<group>";
		};
		62492CFD13831AAF0007D729 /* Products */ = {
			isa = PBXGroup;
			children = (
				62492CFC13831AAF0007D729 /* VPLHTTPClient.framework */,
			);
			name = Products;
			sourceTree = "<group>";
		};
		62492CFE13831AAF0007D729 /* Frameworks */ = {
			isa = PBXGroup;
			children = (
				62492D2913831AD10007D729 /* Foundation.framework */,
				62492D0113831AAF0007D729 /* Other Frameworks */,
			);
			name = Frameworks;
			sourceTree = "<group>";
		};
		62492D0113831AAF0007D729 /* Other Frameworks */ = {
			isa = PBXGroup;
			children = (
				62492D0213831AAF0007D729 /* AppKit.framework */,
				62492D0313831AAF0007D729 /* CoreData.framework */,
				62492D0413831AAF0007D729 /* Foundation.framework */,
			);
			name = "Other Frameworks";
			sourceTree = "<group>";
		};
		62492D0513831AAF0007D729 /* VPLHTTPClient */ = {
			isa = PBXGroup;
			children = (
				62492D2B13831AE80007D729 /* Source */,
				62492D0613831AAF0007D729 /* Supporting Files */,
			);
			path = VPLHTTPClient;
			sourceTree = "<group>";
		};
		62492D0613831AAF0007D729 /* Supporting Files */ = {
			isa = PBXGroup;
			children = (
				62492D0713831AAF0007D729 /* VPLHTTPClient-Info.plist */,
				62492D0813831AAF0007D729 /* InfoPlist.strings */,
				62492D0B13831AAF0007D729 /* VPLHTTPClient-Prefix.pch */,
			);
			name = "Supporting Files";
			sourceTree = "<group>";
		};
		62492D2B13831AE80007D729 /* Source */ = {
			isa = PBXGroup;
			children = (
				62492D3413831FBD0007D729 /* VPLHTTPRequest.h */,
				62A29F0E138B2B7C00598C6A /* VPLHTTPGenericRequest.h */,
				62A29F0F138B2B7C00598C6A /* VPLHTTPGenericRequest.m */,
				62492D3913831FBD0007D729 /* VPLHTTPResponse.h */,
				62A29F13138B2B8F00598C6A /* VPLHTTPGenericResponse.h */,
				62A29F14138B2B8F00598C6A /* VPLHTTPGenericResponse.m */,
				62492D3613831FBD0007D729 /* VPLHTTPRequestHandler.h */,
				62492D2C13831FBD0007D729 /* VPLHTTPClient.h */,
				62492D2D13831FBD0007D729 /* VPLHTTPClient.m */,
				62492D2E13831FBD0007D729 /* VPLHTTPExplodingRequestHandler.h */,
				62492D2F13831FBD0007D729 /* VPLHTTPExplodingRequestHandler.m */,
				62492D3013831FBD0007D729 /* VPLHTTPGenericRequestHandler.h */,
				62492D3113831FBD0007D729 /* VPLHTTPGenericRequestHandler.m */,
			);
			path = Source;
			sourceTree = "<group>";
		};
/* End PBXGroup section */

/* Begin PBXHeadersBuildPhase section */
		62492CF913831AAF0007D729 /* Headers */ = {
			isa = PBXHeadersBuildPhase;
			buildActionMask = 2147483647;
			files = (
				62492D3B13831FBD0007D729 /* VPLHTTPClient.h in Headers */,
				62492D3D13831FBD0007D729 /* VPLHTTPExplodingRequestHandler.h in Headers */,
				62492D3F13831FBD0007D729 /* VPLHTTPGenericRequestHandler.h in Headers */,
				62492D4313831FBD0007D729 /* VPLHTTPRequest.h in Headers */,
				62492D4513831FBD0007D729 /* VPLHTTPRequestHandler.h in Headers */,
				62492D4813831FBD0007D729 /* VPLHTTPResponse.h in Headers */,
				62A29F10138B2B7C00598C6A /* VPLHTTPGenericRequest.h in Headers */,
				62A29F15138B2B8F00598C6A /* VPLHTTPGenericResponse.h in Headers */,
			);
			runOnlyForDeploymentPostprocessing = 0;
		};
/* End PBXHeadersBuildPhase section */

/* Begin PBXNativeTarget section */
		62492CFB13831AAF0007D729 /* VPLHTTPClient */ = {
			isa = PBXNativeTarget;
			buildConfigurationList = 62492D2313831AB00007D729 /* Build configuration list for PBXNativeTarget "VPLHTTPClient" */;
			buildPhases = (
				62492CF713831AAF0007D729 /* Sources */,
				62492CF813831AAF0007D729 /* Frameworks */,
				62492CF913831AAF0007D729 /* Headers */,
				62492CFA13831AAF0007D729 /* Resources */,
				6223BCAF1385EA5D000F7EE8 /* ShellScript */,
			);
			buildRules = (
			);
			dependencies = (
			);
			name = VPLHTTPClient;
			productName = VPLHTTPClient;
			productReference = 62492CFC13831AAF0007D729 /* VPLHTTPClient.framework */;
			productType = "com.apple.product-type.framework";
		};
/* End PBXNativeTarget section */

/* Begin PBXProject section */
		62492CF213831AAF0007D729 /* Project object */ = {
			isa = PBXProject;
			buildConfigurationList = 62492CF513831AAF0007D729 /* Build configuration list for PBXProject "VPLHTTPClient" */;
			compatibilityVersion = "Xcode 3.2";
			developmentRegion = English;
			hasScannedForEncodings = 0;
			knownRegions = (
				en,
			);
			mainGroup = 62492CF013831AAF0007D729;
			productRefGroup = 62492CFD13831AAF0007D729 /* Products */;
			projectDirPath = "";
			projectRoot = "";
			targets = (
				62492CFB13831AAF0007D729 /* VPLHTTPClient */,
			);
		};
/* End PBXProject section */

/* Begin PBXResourcesBuildPhase section */
		62492CFA13831AAF0007D729 /* Resources */ = {
			isa = PBXResourcesBuildPhase;
			buildActionMask = 2147483647;
			files = (
				62492D0A13831AAF0007D729 /* InfoPlist.strings in Resources */,
			);
			runOnlyForDeploymentPostprocessing = 0;
		};
/* End PBXResourcesBuildPhase section */

/* Begin PBXShellScriptBuildPhase section */
		6223BCAF1385EA5D000F7EE8 /* ShellScript */ = {
			isa = PBXShellScriptBuildPhase;
			buildActionMask = 2147483647;
			files = (
			);
			inputPaths = (
			);
			outputPaths = (
			);
			runOnlyForDeploymentPostprocessing = 0;
			shellPath = /bin/sh;
			shellScript = "rake speckle:generate_bridgesupport_file";
		};
/* End PBXShellScriptBuildPhase section */

/* Begin PBXSourcesBuildPhase section */
		62492CF713831AAF0007D729 /* Sources */ = {
			isa = PBXSourcesBuildPhase;
			buildActionMask = 2147483647;
			files = (
				62492D3C13831FBD0007D729 /* VPLHTTPClient.m in Sources */,
				62492D3E13831FBD0007D729 /* VPLHTTPExplodingRequestHandler.m in Sources */,
				62492D4013831FBD0007D729 /* VPLHTTPGenericRequestHandler.m in Sources */,
				62A29F11138B2B7C00598C6A /* VPLHTTPGenericRequest.m in Sources */,
				62A29F16138B2B8F00598C6A /* VPLHTTPGenericResponse.m in Sources */,
			);
			runOnlyForDeploymentPostprocessing = 0;
		};
/* End PBXSourcesBuildPhase section */

/* Begin PBXVariantGroup section */
		62492D0813831AAF0007D729 /* InfoPlist.strings */ = {
			isa = PBXVariantGroup;
			children = (
				62492D0913831AAF0007D729 /* en */,
			);
			name = InfoPlist.strings;
			sourceTree = "<group>";
		};
/* End PBXVariantGroup section */

/* Begin XCBuildConfiguration section */
		62492D2113831AB00007D729 /* Debug */ = {
			isa = XCBuildConfiguration;
			buildSettings = {
				ARCHS = "$(ARCHS_STANDARD_32_64_BIT)";
				GCC_C_LANGUAGE_STANDARD = gnu99;
				GCC_OPTIMIZATION_LEVEL = 0;
				GCC_PREPROCESSOR_DEFINITIONS = DEBUG;
				GCC_SYMBOLS_PRIVATE_EXTERN = NO;
				GCC_VERSION = com.apple.compilers.llvm.clang.1_0;
				GCC_WARN_64_TO_32_BIT_CONVERSION = YES;
				GCC_WARN_ABOUT_RETURN_TYPE = YES;
				GCC_WARN_UNUSED_VARIABLE = YES;
				MACOSX_DEPLOYMENT_TARGET = 10.6;
				ONLY_ACTIVE_ARCH = YES;
				SDKROOT = macosx;
			};
			name = Debug;
		};
		62492D2213831AB00007D729 /* Release */ = {
			isa = XCBuildConfiguration;
			buildSettings = {
				ARCHS = "$(ARCHS_STANDARD_32_64_BIT)";
				GCC_C_LANGUAGE_STANDARD = gnu99;
				GCC_VERSION = com.apple.compilers.llvm.clang.1_0;
				GCC_WARN_64_TO_32_BIT_CONVERSION = YES;
				GCC_WARN_ABOUT_RETURN_TYPE = YES;
				GCC_WARN_UNUSED_VARIABLE = YES;
				MACOSX_DEPLOYMENT_TARGET = 10.6;
				SDKROOT = macosx;
			};
			name = Release;
		};
		62492D2413831AB00007D729 /* Debug */ = {
			isa = XCBuildConfiguration;
			buildSettings = {
				ALWAYS_SEARCH_USER_PATHS = NO;
				COPY_PHASE_STRIP = NO;
				DYLIB_COMPATIBILITY_VERSION = 1;
				DYLIB_CURRENT_VERSION = 1;
				FRAMEWORK_VERSION = A;
				GCC_DYNAMIC_NO_PIC = NO;
				GCC_ENABLE_OBJC_EXCEPTIONS = YES;
				GCC_ENABLE_OBJC_GC = supported;
				GCC_PRECOMPILE_PREFIX_HEADER = YES;
				GCC_PREFIX_HEADER = "VPLHTTPClient/VPLHTTPClient-Prefix.pch";
				INFOPLIST_FILE = "VPLHTTPClient/VPLHTTPClient-Info.plist";
				PRODUCT_NAME = "$(TARGET_NAME)";
				WRAPPER_EXTENSION = framework;
			};
			name = Debug;
		};
		62492D2513831AB00007D729 /* Release */ = {
			isa = XCBuildConfiguration;
			buildSettings = {
				ALWAYS_SEARCH_USER_PATHS = NO;
				COPY_PHASE_STRIP = YES;
				DEBUG_INFORMATION_FORMAT = "dwarf-with-dsym";
				DYLIB_COMPATIBILITY_VERSION = 1;
				DYLIB_CURRENT_VERSION = 1;
				FRAMEWORK_VERSION = A;
				GCC_ENABLE_OBJC_EXCEPTIONS = YES;
				GCC_ENABLE_OBJC_GC = supported;
				GCC_PRECOMPILE_PREFIX_HEADER = YES;
				GCC_PREFIX_HEADER = "VPLHTTPClient/VPLHTTPClient-Prefix.pch";
				INFOPLIST_FILE = "VPLHTTPClient/VPLHTTPClient-Info.plist";
				PRODUCT_NAME = "$(TARGET_NAME)";
				WRAPPER_EXTENSION = framework;
			};
			name = Release;
		};
/* End XCBuildConfiguration section */

/* Begin XCConfigurationList section */
		62492CF513831AAF0007D729 /* Build configuration list for PBXProject "VPLHTTPClient" */ = {
			isa = XCConfigurationList;
			buildConfigurations = (
				62492D2113831AB00007D729 /* Debug */,
				62492D2213831AB00007D729 /* Release */,
			);
			defaultConfigurationIsVisible = 0;
			defaultConfigurationName = Release;
		};
		62492D2313831AB00007D729 /* Build configuration list for PBXNativeTarget "VPLHTTPClient" */ = {
			isa = XCConfigurationList;
			buildConfigurations = (
				62492D2413831AB00007D729 /* Debug */,
				62492D2513831AB00007D729 /* Release */,
			);
			defaultConfigurationIsVisible = 0;
			defaultConfigurationName = Release;
		};
/* End XCConfigurationList section */
	};
	rootObject = 62492CF213831AAF0007D729 /* Project object */;
}
